
Microsoft Visual Studio Solution File, Format Version 12.00
# Visual Studio Version 16
VisualStudioVersion = 16.0.30114.105
MinimumVisualStudioVersion = 10.0.40219.1
Project("{FAE04EC0-301F-11D3-BF4B-00C04F79EFBC}") = "CADASTRO", "CADASTRO.csproj", "{1A38D7A0-6679-4664-9E93-CA2CA12EEAC0}"
EndProject
Global
	GlobalSection(SolutionConfigurationPlatforms) = preSolution
		Debug|Any CPU = Debug|Any CPU
		Release|Any CPU = Release|Any CPU
	EndGlobalSection
	GlobalSection(ProjectConfigurationPlatforms) = postSolution
		{1A38D7A0-6679-4664-9E93-CA2CA12EEAC0}.Debug|Any CPU.ActiveCfg = Debug|Any CPU
		{1A38D7A0-6679-4664-9E93-CA2CA12EEAC0}.Debug|Any CPU.Build.0 = Debug|Any CPU
		{1A38D7A0-6679-4664-9E93-CA2CA12EEAC0}.Release|Any CPU.ActiveCfg = Release|Any CPU
		{1A38D7A0-6679-4664-9E93-CA2CA12EEAC0}.Release|Any CPU.Build.0 = Release|Any CPU
	EndGlobalSection
	GlobalSection(SolutionProperties) = preSolution
		HideSolutionNode = FALSE
	EndGlobalSection
	GlobalSection(ExtensibilityGlobals) = postSolution
		SolutionGuid = {8F9E8DDF-CEF0-4C99-A7A2-B7F30D912F25}
	EndGlobalSection
EndGlobal
